
Microsoft Visual Studio Solution File, Format Version 12.00
# Visual Studio 15
VisualStudioVersion = 15.0.26124.0
MinimumVisualStudioVersion = 15.0.26124.0
Project("{FAE04EC0-301F-11D3-BF4B-00C04F79EFBC}") = "ContosoCrafts.WebSite", "ContosoCrafts.WebSite\ContosoCrafts.WebSite.csproj", "{BCEF0A00-4C8E-45A5-A14E-CFCDFE7654A8}"
EndProject
Project("{FAE04EC0-301F-11D3-BF4B-00C04F79EFBC}") = "ContosoCrafts.ProductsApi", "ContosoCrafts.ProductsApi\ContosoCrafts.ProductsApi.csproj", "{E163AB58-D72F-40C1-A7BE-2FE75F57B01F}"
EndProject
Project("{FAE04EC0-301F-11D3-BF4B-00C04F79EFBC}") = "ContosoCrafts.CheckoutProcessor", "ContosoCrafts.CheckoutProcessor\ContosoCrafts.CheckoutProcessor.csproj", "{54F6535F-C99B-4DC6-B61B-863ABB67EEFC}"
EndProject
Global
	GlobalSection(SolutionConfigurationPlatforms) = preSolution
		Debug|Any CPU = Debug|Any CPU
		Debug|x64 = Debug|x64
		Debug|x86 = Debug|x86
		Release|Any CPU = Release|Any CPU
		Release|x64 = Release|x64
		Release|x86 = Release|x86
	EndGlobalSection
	GlobalSection(SolutionProperties) = preSolution
		HideSolutionNode = FALSE
	EndGlobalSection
	GlobalSection(ProjectConfigurationPlatforms) = postSolution
		{BCEF0A00-4C8E-45A5-A14E-CFCDFE7654A8}.Debug|Any CPU.ActiveCfg = Debug|Any CPU
		{BCEF0A00-4C8E-45A5-A14E-CFCDFE7654A8}.Debug|Any CPU.Build.0 = Debug|Any CPU
		{BCEF0A00-4C8E-45A5-A14E-CFCDFE7654A8}.Debug|x64.ActiveCfg = Debug|Any CPU
		{BCEF0A00-4C8E-45A5-A14E-CFCDFE7654A8}.Debug|x64.Build.0 = Debug|Any CPU
		{BCEF0A00-4C8E-45A5-A14E-CFCDFE7654A8}.Debug|x86.ActiveCfg = Debug|Any CPU
		{BCEF0A00-4C8E-45A5-A14E-CFCDFE7654A8}.Debug|x86.Build.0 = Debug|Any CPU
		{BCEF0A00-4C8E-45A5-A14E-CFCDFE7654A8}.Release|Any CPU.ActiveCfg = Release|Any CPU
		{BCEF0A00-4C8E-45A5-A14E-CFCDFE7654A8}.Release|Any CPU.Build.0 = Release|Any CPU
		{BCEF0A00-4C8E-45A5-A14E-CFCDFE7654A8}.Release|x64.ActiveCfg = Release|Any CPU
		{BCEF0A00-4C8E-45A5-A14E-CFCDFE7654A8}.Release|x64.Build.0 = Release|Any CPU
		{BCEF0A00-4C8E-45A5-A14E-CFCDFE7654A8}.Release|x86.ActiveCfg = Release|Any CPU
		{BCEF0A00-4C8E-45A5-A14E-CFCDFE7654A8}.Release|x86.Build.0 = Release|Any CPU
		{E163AB58-D72F-40C1-A7BE-2FE75F57B01F}.Debug|Any CPU.ActiveCfg = Debug|Any CPU
		{E163AB58-D72F-40C1-A7BE-2FE75F57B01F}.Debug|Any CPU.Build.0 = Debug|Any CPU
		{E163AB58-D72F-40C1-A7BE-2FE75F57B01F}.Debug|x64.ActiveCfg = Debug|Any CPU
		{E163AB58-D72F-40C1-A7BE-2FE75F57B01F}.Debug|x64.Build.0 = Debug|Any CPU
		{E163AB58-D72F-40C1-A7BE-2FE75F57B01F}.Debug|x86.ActiveCfg = Debug|Any CPU
		{E163AB58-D72F-40C1-A7BE-2FE75F57B01F}.Debug|x86.Build.0 = Debug|Any CPU
		{E163AB58-D72F-40C1-A7BE-2FE75F57B01F}.Release|Any CPU.ActiveCfg = Release|Any CPU
		{E163AB58-D72F-40C1-A7BE-2FE75F57B01F}.Release|Any CPU.Build.0 = Release|Any CPU
		{E163AB58-D72F-40C1-A7BE-2FE75F57B01F}.Release|x64.ActiveCfg = Release|Any CPU
		{E163AB58-D72F-40C1-A7BE-2FE75F57B01F}.Release|x64.Build.0 = Release|Any CPU
		{E163AB58-D72F-40C1-A7BE-2FE75F57B01F}.Release|x86.ActiveCfg = Release|Any CPU
		{E163AB58-D72F-40C1-A7BE-2FE75F57B01F}.Release|x86.Build.0 = Release|Any CPU
		{54F6535F-C99B-4DC6-B61B-863ABB67EEFC}.Debug|Any CPU.ActiveCfg = Debug|Any CPU
		{54F6535F-C99B-4DC6-B61B-863ABB67EEFC}.Debug|Any CPU.Build.0 = Debug|Any CPU
		{54F6535F-C99B-4DC6-B61B-863ABB67EEFC}.Debug|x64.ActiveCfg = Debug|Any CPU
		{54F6535F-C99B-4DC6-B61B-863ABB67EEFC}.Debug|x64.Build.0 = Debug|Any CPU
		{54F6535F-C99B-4DC6-B61B-863ABB67EEFC}.Debug|x86.ActiveCfg = Debug|Any CPU
		{54F6535F-C99B-4DC6-B61B-863ABB67EEFC}.Debug|x86.Build.0 = Debug|Any CPU
		{54F6535F-C99B-4DC6-B61B-863ABB67EEFC}.Release|Any CPU.ActiveCfg = Release|Any CPU
		{54F6535F-C99B-4DC6-B61B-863ABB67EEFC}.Release|Any CPU.Build.0 = Release|Any CPU
		{54F6535F-C99B-4DC6-B61B-863ABB67EEFC}.Release|x64.ActiveCfg = Release|Any CPU
		{54F6535F-C99B-4DC6-B61B-863ABB67EEFC}.Release|x64.Build.0 = Release|Any CPU
		{54F6535F-C99B-4DC6-B61B-863ABB67EEFC}.Release|x86.ActiveCfg = Release|Any CPU
		{54F6535F-C99B-4DC6-B61B-863ABB67EEFC}.Release|x86.Build.0 = Release|Any CPU
	EndGlobalSection
EndGlobal
